Microsoft Visual Studio Solution File, Format Version 12.00
# Visual Studio 2012
Project("{FAE04EC0-301F-11D3-BF4B-00C04F79EFBC}") = "APP", "APP.csproj", "{8C4C4106-7579-44C1-999F-3E19A9F4ECB2}"
EndProject
Project("{FAE04EC0-301F-11D3-BF4B-00C04F79EFBC}") = "BLL", "..\BLL\BLL.csproj", "{143369AD-B9C4-4AAF-8C55-29C1CD8717EF}"
EndProject
Global
	GlobalSection(SolutionConfigurationPlatforms) = preSolution
		Debug|Any CPU = Debug|Any CPU
		ExportDebug|Any CPU = ExportDebug|Any CPU
		ExportRelease|Any CPU = ExportRelease|Any CPU
	EndGlobalSection
	GlobalSection(ProjectConfigurationPlatforms) = postSolution
		{8C4C4106-7579-44C1-999F-3E19A9F4ECB2}.Debug|Any CPU.ActiveCfg = Debug|Any CPU
		{8C4C4106-7579-44C1-999F-3E19A9F4ECB2}.Debug|Any CPU.Build.0 = Debug|Any CPU
		{8C4C4106-7579-44C1-999F-3E19A9F4ECB2}.ExportDebug|Any CPU.ActiveCfg = ExportDebug|Any CPU
		{8C4C4106-7579-44C1-999F-3E19A9F4ECB2}.ExportDebug|Any CPU.Build.0 = ExportDebug|Any CPU
		{8C4C4106-7579-44C1-999F-3E19A9F4ECB2}.ExportRelease|Any CPU.ActiveCfg = ExportRelease|Any CPU
		{8C4C4106-7579-44C1-999F-3E19A9F4ECB2}.ExportRelease|Any CPU.Build.0 = ExportRelease|Any CPU
		{143369AD-B9C4-4AAF-8C55-29C1CD8717EF}.Debug|Any CPU.ActiveCfg = Debug|Any CPU
		{143369AD-B9C4-4AAF-8C55-29C1CD8717EF}.Debug|Any CPU.Build.0 = Debug|Any CPU
		{143369AD-B9C4-4AAF-8C55-29C1CD8717EF}.ExportDebug|Any CPU.ActiveCfg = Debug|Any CPU
		{143369AD-B9C4-4AAF-8C55-29C1CD8717EF}.ExportDebug|Any CPU.Build.0 = Debug|Any CPU
		{143369AD-B9C4-4AAF-8C55-29C1CD8717EF}.ExportRelease|Any CPU.ActiveCfg = Debug|Any CPU
		{143369AD-B9C4-4AAF-8C55-29C1CD8717EF}.ExportRelease|Any CPU.Build.0 = Debug|Any CPU
	EndGlobalSection
EndGlobal
